{"format_version":"0.2","terraform_version":"1.0.11","variables":{"cloudflare_api_token":{"value":"a_1h_8f0zfzFreHlM-wRugW7X3KmhaaMrSZKA5V3"},"cloudflare_zone_id":{"value":"ad715b007e92fb708d2f8678da73ce91"}},"planned_values":{"root_module":{"resources":[{"address":"cloudflare_record.tjth_readme[\"185.199.108.153\"]","mode":"managed","type":"cloudflare_record","name":"tjth_readme","index":"185.199.108.153","provider_name":"registry.terraform.io/cloudflare/cloudflare","schema_version":2,"values":{"allow_overwrite":false,"data":[],"name":"readme","priority":null,"proxied":null,"timeouts":null,"ttl":3600,"type":"A","value":"185.199.108.153","zone_id":"ad715b007e92fb708d2f8678da73ce91"},"sensitive_values":{"data":[],"metadata":{},"zone_id":true}},{"address":"cloudflare_record.tjth_readme[\"185.199.109.153\"]","mode":"managed","type":"cloudflare_record","name":"tjth_readme","index":"185.199.109.153","provider_name":"registry.terraform.io/cloudflare/cloudflare","schema_version":2,"values":{"allow_overwrite":false,"data":[],"name":"readme","priority":null,"proxied":null,"timeouts":null,"ttl":3600,"type":"A","value":"185.199.109.153","zone_id":"ad715b007e92fb708d2f8678da73ce91"},"sensitive_values":{"data":[],"metadata":{},"zone_id":true}},{"address":"cloudflare_record.tjth_readme[\"185.199.110.153\"]","mode":"managed","type":"cloudflare_record","name":"tjth_readme","index":"185.199.110.153","provider_name":"registry.terraform.io/cloudflare/cloudflare","schema_version":2,"values":{"allow_overwrite":false,"data":[],"name":"readme","priority":null,"proxied":null,"timeouts":null,"ttl":3600,"type":"A","value":"185.199.110.153","zone_id":"ad715b007e92fb708d2f8678da73ce91"},"sensitive_values":{"data":[],"metadata":{},"zone_id":true}},{"address":"cloudflare_record.tjth_readme[\"185.199.111.153\"]","mode":"managed","type":"cloudflare_record","name":"tjth_readme","index":"185.199.111.153","provider_name":"registry.terraform.io/cloudflare/cloudflare","schema_version":2,"values":{"allow_overwrite":false,"data":[],"name":"readme","priority":null,"proxied":null,"timeouts":null,"ttl":3600,"type":"A","value":"185.199.111.153","zone_id":"ad715b007e92fb708d2f8678da73ce91"},"sensitive_values":{"data":[],"metadata":{},"zone_id":true}}]}},"resource_changes":[{"address":"cloudflare_record.tjth_cv[\"185.199.108.153\"]","mode":"managed","type":"cloudflare_record","name":"tjth_cv","index":"185.199.108.153","provider_name":"registry.terraform.io/cloudflare/cloudflare","change":{"actions":["delete"],"before":{"allow_overwrite":false,"created_on":"2022-03-29T21:53:34.112871Z","data":[],"hostname":"readme.tjth.co","id":"5c6970a1217caa2960854ed3d311e7e1","metadata":{"auto_added":"false","managed_by_apps":"false","managed_by_argo_tunnel":"false","source":"primary"},"modified_on":"2022-03-29T21:53:34.112871Z","name":"readme","priority":null,"proxiable":true,"proxied":false,"timeouts":null,"ttl":3600,"type":"A","value":"185.199.108.153","zone_id":"ad715b007e92fb708d2f8678da73ce91"},"after":null,"after_unknown":{},"before_sensitive":{"data":[],"metadata":{},"zone_id":true},"after_sensitive":false}},{"address":"cloudflare_record.tjth_cv[\"185.199.109.153\"]","mode":"managed","type":"cloudflare_record","name":"tjth_cv","index":"185.199.109.153","provider_name":"registry.terraform.io/cloudflare/cloudflare","change":{"actions":["delete"],"before":{"allow_overwrite":false,"created_on":"2022-03-29T21:53:34.560988Z","data":[],"hostname":"readme.tjth.co","id":"a5a5555b946eb4ffc33da8c91633acf9","metadata":{"auto_added":"false","managed_by_apps":"false","managed_by_argo_tunnel":"false","source":"primary"},"modified_on":"2022-03-29T21:53:34.560988Z","name":"readme","priority":null,"proxiable":true,"proxied":false,"timeouts":null,"ttl":3600,"type":"A","value":"185.199.109.153","zone_id":"ad715b007e92fb708d2f8678da73ce91"},"after":null,"after_unknown":{},"before_sensitive":{"data":[],"metadata":{},"zone_id":true},"after_sensitive":false}},{"address":"cloudflare_record.tjth_cv[\"185.199.110.153\"]","mode":"managed","type":"cloudflare_record","name":"tjth_cv","index":"185.199.110.153","provider_name":"registry.terraform.io/cloudflare/cloudflare","change":{"actions":["delete"],"before":{"allow_overwrite":false,"created_on":"2022-03-29T21:53:34.473557Z","data":[],"hostname":"readme.tjth.co","id":"5fe2be6b7ba30a1bd2d5695ba87d3c18","metadata":{"auto_added":"false","managed_by_apps":"false","managed_by_argo_tunnel":"false","source":"primary"},"modified_on":"2022-03-29T21:53:34.473557Z","name":"readme","priority":null,"proxiable":true,"proxied":false,"timeouts":null,"ttl":3600,"type":"A","value":"185.199.110.153","zone_id":"ad715b007e92fb708d2f8678da73ce91"},"after":null,"after_unknown":{},"before_sensitive":{"data":[],"metadata":{},"zone_id":true},"after_sensitive":false}},{"address":"cloudflare_record.tjth_cv[\"185.199.111.153\"]","mode":"managed","type":"cloudflare_record","name":"tjth_cv","index":"185.199.111.153","provider_name":"registry.terraform.io/cloudflare/cloudflare","change":{"actions":["delete"],"before":{"allow_overwrite":false,"created_on":"2022-03-29T21:53:34.823957Z","data":[],"hostname":"readme.tjth.co","id":"cf0e1d3c41a6d7f0051d1025517ad895","metadata":{"auto_added":"false","managed_by_apps":"false","managed_by_argo_tunnel":"false","source":"primary"},"modified_on":"2022-03-29T21:53:34.823957Z","name":"readme","priority":null,"proxiable":true,"proxied":false,"timeouts":null,"ttl":3600,"type":"A","value":"185.199.111.153","zone_id":"ad715b007e92fb708d2f8678da73ce91"},"after":null,"after_unknown":{},"before_sensitive":{"data":[],"metadata":{},"zone_id":true},"after_sensitive":false}},{"address":"cloudflare_record.tjth_readme[\"185.199.108.153\"]","mode":"managed","type":"cloudflare_record","name":"tjth_readme","index":"185.199.108.153","provider_name":"registry.terraform.io/cloudflare/cloudflare","change":{"actions":["create"],"before":null,"after":{"allow_overwrite":false,"data":[],"name":"readme","priority":null,"proxied":null,"timeouts":null,"ttl":3600,"type":"A","value":"185.199.108.153","zone_id":"ad715b007e92fb708d2f8678da73ce91"},"after_unknown":{"created_on":true,"data":[],"hostname":true,"id":true,"metadata":true,"modified_on":true,"proxiable":true},"before_sensitive":false,"after_sensitive":{"data":[],"metadata":{},"zone_id":true}}},{"address":"cloudflare_record.tjth_readme[\"185.199.109.153\"]","mode":"managed","type":"cloudflare_record","name":"tjth_readme","index":"185.199.109.153","provider_name":"registry.terraform.io/cloudflare/cloudflare","change":{"actions":["create"],"before":null,"after":{"allow_overwrite":false,"data":[],"name":"readme","priority":null,"proxied":null,"timeouts":null,"ttl":3600,"type":"A","value":"185.199.109.153","zone_id":"ad715b007e92fb708d2f8678da73ce91"},"after_unknown":{"created_on":true,"data":[],"hostname":true,"id":true,"metadata":true,"modified_on":true,"proxiable":true},"before_sensitive":false,"after_sensitive":{"data":[],"metadata":{},"zone_id":true}}},{"address":"cloudflare_record.tjth_readme[\"185.199.110.153\"]","mode":"managed","type":"cloudflare_record","name":"tjth_readme","index":"185.199.110.153","provider_name":"registry.terraform.io/cloudflare/cloudflare","change":{"actions":["create"],"before":null,"after":{"allow_overwrite":false,"data":[],"name":"readme","priority":null,"proxied":null,"timeouts":null,"ttl":3600,"type":"A","value":"185.199.110.153","zone_id":"ad715b007e92fb708d2f8678da73ce91"},"after_unknown":{"created_on":true,"data":[],"hostname":true,"id":true,"metadata":true,"modified_on":true,"proxiable":true},"before_sensitive":false,"after_sensitive":{"data":[],"metadata":{},"zone_id":true}}},{"address":"cloudflare_record.tjth_readme[\"185.199.111.153\"]","mode":"managed","type":"cloudflare_record","name":"tjth_readme","index":"185.199.111.153","provider_name":"registry.terraform.io/cloudflare/cloudflare","change":{"actions":["create"],"before":null,"after":{"allow_overwrite":false,"data":[],"name":"readme","priority":null,"proxied":null,"timeouts":null,"ttl":3600,"type":"A","value":"185.199.111.153","zone_id":"ad715b007e92fb708d2f8678da73ce91"},"after_unknown":{"created_on":true,"data":[],"hostname":true,"id":true,"metadata":true,"modified_on":true,"proxiable":true},"before_sensitive":false,"after_sensitive":{"data":[],"metadata":{},"zone_id":true}}}],"prior_state":{"format_version":"0.2","terraform_version":"1.0.11","values":{"root_module":{"resources":[{"address":"cloudflare_record.tjth_cv[\"185.199.108.153\"]","mode":"managed","type":"cloudflare_record","name":"tjth_cv","index":"185.199.108.153","provider_name":"registry.terraform.io/cloudflare/cloudflare","schema_version":2,"values":{"allow_overwrite":false,"created_on":"2022-03-29T21:53:34.112871Z","data":[],"hostname":"readme.tjth.co","id":"5c6970a1217caa2960854ed3d311e7e1","metadata":{"auto_added":"false","managed_by_apps":"false","managed_by_argo_tunnel":"false","source":"primary"},"modified_on":"2022-03-29T21:53:34.112871Z","name":"readme","priority":null,"proxiable":true,"proxied":false,"timeouts":null,"ttl":3600,"type":"A","value":"185.199.108.153","zone_id":"ad715b007e92fb708d2f8678da73ce91"},"sensitive_values":{"data":[],"metadata":{},"zone_id":true}},{"address":"cloudflare_record.tjth_cv[\"185.199.109.153\"]","mode":"managed","type":"cloudflare_record","name":"tjth_cv","index":"185.199.109.153","provider_name":"registry.terraform.io/cloudflare/cloudflare","schema_version":2,"values":{"allow_overwrite":false,"created_on":"2022-03-29T21:53:34.560988Z","data":[],"hostname":"readme.tjth.co","id":"a5a5555b946eb4ffc33da8c91633acf9","metadata":{"auto_added":"false","managed_by_apps":"false","managed_by_argo_tunnel":"false","source":"primary"},"modified_on":"2022-03-29T21:53:34.560988Z","name":"readme","priority":null,"proxiable":true,"proxied":false,"timeouts":null,"ttl":3600,"type":"A","value":"185.199.109.153","zone_id":"ad715b007e92fb708d2f8678da73ce91"},"sensitive_values":{"data":[],"metadata":{},"zone_id":true}},{"address":"cloudflare_record.tjth_cv[\"185.199.110.153\"]","mode":"managed","type":"cloudflare_record","name":"tjth_cv","index":"185.199.110.153","provider_name":"registry.terraform.io/cloudflare/cloudflare","schema_version":2,"values":{"allow_overwrite":false,"created_on":"2022-03-29T21:53:34.473557Z","data":[],"hostname":"readme.tjth.co","id":"5fe2be6b7ba30a1bd2d5695ba87d3c18","metadata":{"auto_added":"false","managed_by_apps":"false","managed_by_argo_tunnel":"false","source":"primary"},"modified_on":"2022-03-29T21:53:34.473557Z","name":"readme","priority":null,"proxiable":true,"proxied":false,"timeouts":null,"ttl":3600,"type":"A","value":"185.199.110.153","zone_id":"ad715b007e92fb708d2f8678da73ce91"},"sensitive_values":{"data":[],"metadata":{},"zone_id":true}},{"address":"cloudflare_record.tjth_cv[\"185.199.111.153\"]","mode":"managed","type":"cloudflare_record","name":"tjth_cv","index":"185.199.111.153","provider_name":"registry.terraform.io/cloudflare/cloudflare","schema_version":2,"values":{"allow_overwrite":false,"created_on":"2022-03-29T21:53:34.823957Z","data":[],"hostname":"readme.tjth.co","id":"cf0e1d3c41a6d7f0051d1025517ad895","metadata":{"auto_added":"false","managed_by_apps":"false","managed_by_argo_tunnel":"false","source":"primary"},"modified_on":"2022-03-29T21:53:34.823957Z","name":"readme","priority":null,"proxiable":true,"proxied":false,"timeouts":null,"ttl":3600,"type":"A","value":"185.199.111.153","zone_id":"ad715b007e92fb708d2f8678da73ce91"},"sensitive_values":{"data":[],"metadata":{},"zone_id":true}}]}}},"configuration":{"provider_config":{"cloudflare":{"name":"cloudflare","version_constraint":"~\u003e 3.0","expressions":{"api_token":{"references":["var.cloudflare_api_token"]}}}},"root_module":{"resources":[{"address":"cloudflare_record.tjth_readme","mode":"managed","type":"cloudflare_record","name":"tjth_readme","provider_config_key":"cloudflare","expressions":{"name":{"references":["local.custom_subdomain"]},"ttl":{"constant_value":3600},"type":{"constant_value":"A"},"value":{"references":["each.key"]},"zone_id":{"references":["local.cloudflare_zone_id"]}},"schema_version":2,"for_each_expression":{"references":["local.github_pages_ip_addresses"]}}],"variables":{"cloudflare_api_token":{},"cloudflare_zone_id":{}}}}}
