{"format_version":"0.2","terraform_version":"1.0.11","variables":{"cloudflare_api_token":{"value":"a_1h_8f0zfzFreHlM-wRugW7X3KmhaaMrSZKA5V3"},"cloudflare_zone_id":{"value":"ad715b007e92fb708d2f8678da73ce91"}},"planned_values":{"root_module":{"resources":[{"address":"cloudflare_record.tjth_cv[\"185.199.108.153\"]","mode":"managed","type":"cloudflare_record","name":"tjth_cv","index":"185.199.108.153","provider_name":"registry.terraform.io/cloudflare/cloudflare","schema_version":2,"values":{"allow_overwrite":false,"data":[],"name":"readme","priority":null,"proxied":null,"timeouts":null,"ttl":3600,"type":"A","value":"185.199.108.153","zone_id":"ad715b007e92fb708d2f8678da73ce91"},"sensitive_values":{"data":[],"metadata":{},"zone_id":true}},{"address":"cloudflare_record.tjth_cv[\"185.199.109.153\"]","mode":"managed","type":"cloudflare_record","name":"tjth_cv","index":"185.199.109.153","provider_name":"registry.terraform.io/cloudflare/cloudflare","schema_version":2,"values":{"allow_overwrite":false,"data":[],"name":"readme","priority":null,"proxied":null,"timeouts":null,"ttl":3600,"type":"A","value":"185.199.109.153","zone_id":"ad715b007e92fb708d2f8678da73ce91"},"sensitive_values":{"data":[],"metadata":{},"zone_id":true}},{"address":"cloudflare_record.tjth_cv[\"185.199.110.153\"]","mode":"managed","type":"cloudflare_record","name":"tjth_cv","index":"185.199.110.153","provider_name":"registry.terraform.io/cloudflare/cloudflare","schema_version":2,"values":{"allow_overwrite":false,"data":[],"name":"readme","priority":null,"proxied":null,"timeouts":null,"ttl":3600,"type":"A","value":"185.199.110.153","zone_id":"ad715b007e92fb708d2f8678da73ce91"},"sensitive_values":{"data":[],"metadata":{},"zone_id":true}},{"address":"cloudflare_record.tjth_cv[\"185.199.111.153\"]","mode":"managed","type":"cloudflare_record","name":"tjth_cv","index":"185.199.111.153","provider_name":"registry.terraform.io/cloudflare/cloudflare","schema_version":2,"values":{"allow_overwrite":false,"data":[],"name":"readme","priority":null,"proxied":null,"timeouts":null,"ttl":3600,"type":"A","value":"185.199.111.153","zone_id":"ad715b007e92fb708d2f8678da73ce91"},"sensitive_values":{"data":[],"metadata":{},"zone_id":true}}]}},"resource_changes":[{"address":"cloudflare_record.tjth_cv[\"185.199.108.153\"]","mode":"managed","type":"cloudflare_record","name":"tjth_cv","index":"185.199.108.153","provider_name":"registry.terraform.io/cloudflare/cloudflare","change":{"actions":["create"],"before":null,"after":{"allow_overwrite":false,"data":[],"name":"readme","priority":null,"proxied":null,"timeouts":null,"ttl":3600,"type":"A","value":"185.199.108.153","zone_id":"ad715b007e92fb708d2f8678da73ce91"},"after_unknown":{"created_on":true,"data":[],"hostname":true,"id":true,"metadata":true,"modified_on":true,"proxiable":true},"before_sensitive":false,"after_sensitive":{"data":[],"metadata":{},"zone_id":true}}},{"address":"cloudflare_record.tjth_cv[\"185.199.109.153\"]","mode":"managed","type":"cloudflare_record","name":"tjth_cv","index":"185.199.109.153","provider_name":"registry.terraform.io/cloudflare/cloudflare","change":{"actions":["create"],"before":null,"after":{"allow_overwrite":false,"data":[],"name":"readme","priority":null,"proxied":null,"timeouts":null,"ttl":3600,"type":"A","value":"185.199.109.153","zone_id":"ad715b007e92fb708d2f8678da73ce91"},"after_unknown":{"created_on":true,"data":[],"hostname":true,"id":true,"metadata":true,"modified_on":true,"proxiable":true},"before_sensitive":false,"after_sensitive":{"data":[],"metadata":{},"zone_id":true}}},{"address":"cloudflare_record.tjth_cv[\"185.199.110.153\"]","mode":"managed","type":"cloudflare_record","name":"tjth_cv","index":"185.199.110.153","provider_name":"registry.terraform.io/cloudflare/cloudflare","change":{"actions":["create"],"before":null,"after":{"allow_overwrite":false,"data":[],"name":"readme","priority":null,"proxied":null,"timeouts":null,"ttl":3600,"type":"A","value":"185.199.110.153","zone_id":"ad715b007e92fb708d2f8678da73ce91"},"after_unknown":{"created_on":true,"data":[],"hostname":true,"id":true,"metadata":true,"modified_on":true,"proxiable":true},"before_sensitive":false,"after_sensitive":{"data":[],"metadata":{},"zone_id":true}}},{"address":"cloudflare_record.tjth_cv[\"185.199.111.153\"]","mode":"managed","type":"cloudflare_record","name":"tjth_cv","index":"185.199.111.153","provider_name":"registry.terraform.io/cloudflare/cloudflare","change":{"actions":["create"],"before":null,"after":{"allow_overwrite":false,"data":[],"name":"readme","priority":null,"proxied":null,"timeouts":null,"ttl":3600,"type":"A","value":"185.199.111.153","zone_id":"ad715b007e92fb708d2f8678da73ce91"},"after_unknown":{"created_on":true,"data":[],"hostname":true,"id":true,"metadata":true,"modified_on":true,"proxiable":true},"before_sensitive":false,"after_sensitive":{"data":[],"metadata":{},"zone_id":true}}}],"configuration":{"provider_config":{"cloudflare":{"name":"cloudflare","version_constraint":"~\u003e 3.0","expressions":{"api_token":{"references":["var.cloudflare_api_token"]}}}},"root_module":{"resources":[{"address":"cloudflare_record.tjth_cv","mode":"managed","type":"cloudflare_record","name":"tjth_cv","provider_config_key":"cloudflare","expressions":{"name":{"references":["local.custom_subdomain"]},"ttl":{"constant_value":3600},"type":{"constant_value":"A"},"value":{"references":["each.key"]},"zone_id":{"references":["local.cloudflare_zone_id"]}},"schema_version":2,"for_each_expression":{"references":["local.github_pages_ip_addresses"]}}],"variables":{"cloudflare_api_token":{},"cloudflare_zone_id":{}}}}}
